// !$*UTF8*$!
{
	archiveVersion = 1;
	classes = {
	};
	objectVersion = 56;
	objects = {

/* Begin PBXBuildFile section */
		74A68DA02C86EA6200C7C9DC /* AppDelegate.swift in Sources */ = {isa = PBXBuildFile; fileRef = 74A68D9F2C86EA6200C7C9DC /* AppDelegate.swift */; };
		74A68DA22C86EA6200C7C9DC /* SceneDelegate.swift in Sources */ = {isa = PBXBuildFile; fileRef = 74A68DA12C86EA6200C7C9DC /* SceneDelegate.swift */; };
		74A68DA42C86EA6200C7C9DC /* ViewController.swift in Sources */ = {isa = PBXBuildFile; fileRef = 74A68DA32C86EA6200C7C9DC /* ViewController.swift */; };
		74A68DA72C86EA6200C7C9DC /* Main.storyboard in Resources */ = {isa = PBXBuildFile; fileRef = 74A68DA52C86EA6200C7C9DC /* Main.storyboard */; };
		74A68DA92C86EA6400C7C9DC /* Assets.xcassets in Resources */ = {isa = PBXBuildFile; fileRef = 74A68DA82C86EA6400C7C9DC /* Assets.xcassets */; };
		74A68DAC2C86EA6400C7C9DC /* LaunchScreen.storyboard in Resources */ = {isa = PBXBuildFile; fileRef = 74A68DAA2C86EA6400C7C9DC /* LaunchScreen.storyboard */; };
		74D2E9B22C89AE590033E78B /* Question.swift in Sources */ = {isa = PBXBuildFile; fileRef = 74D2E9B12C89AE590033E78B /* Question.swift */; };
		74D2E9BA2C89B3B90033E78B /* ResponseType.swift in Sources */ = {isa = PBXBuildFile; fileRef = 74D2E9B92C89B3B90033E78B /* ResponseType.swift */; };
		74D2E9BC2C89B5470033E78B /* Ansver.swift in Sources */ = {isa = PBXBuildFile; fileRef = 74D2E9BB2C89B5470033E78B /* Ansver.swift */; };
		74D2E9BE2C89B5F60033E78B /* AnimalType.swift in Sources */ = {isa = PBXBuildFile; fileRef = 74D2E9BD2C89B5F60033E78B /* AnimalType.swift */; };
/* End PBXBuildFile section */

/* Begin PBXFileReference section */
		74A68D9C2C86EA6200C7C9DC /* Personality Quiz.app */ = {isa = PBXFileReference; explicitFileType = wrapper.application; includeInIndex = 0; path = "Personality Quiz.app"; sourceTree = BUILT_PRODUCTS_DIR; };
		74A68D9F2C86EA6200C7C9DC /* AppDelegate.swift */ = {isa = PBXFileReference; lastKnownFileType = sourcecode.swift; path = AppDelegate.swift; sourceTree = "<group>"; };
		74A68DA12C86EA6200C7C9DC /* SceneDelegate.swift */ = {isa = PBXFileReference; lastKnownFileType = sourcecode.swift; path = SceneDelegate.swift; sourceTree = "<group>"; };
		74A68DA32C86EA6200C7C9DC /* ViewController.swift */ = {isa = PBXFileReference; lastKnownFileType = sourcecode.swift; path = ViewController.swift; sourceTree = "<group>"; };
		74A68DA62C86EA6200C7C9DC /* Base */ = {isa = PBXFileReference; lastKnownFileType = file.storyboard; name = Base; path = Base.lproj/Main.storyboard; sourceTree = "<group>"; };
		74A68DA82C86EA6400C7C9DC /* Assets.xcassets */ = {isa = PBXFileReference; lastKnownFileType = folder.assetcatalog; path = Assets.xcassets; sourceTree = "<group>"; };
		74A68DAB2C86EA6400C7C9DC /* Base */ = {isa = PBXFileReference; lastKnownFileType = file.storyboard; name = Base; path = Base.lproj/LaunchScreen.storyboard; sourceTree = "<group>"; };
		74A68DAD2C86EA6400C7C9DC /* Info.plist */ = {isa = PBXFileReference; lastKnownFileType = text.plist.xml; path = Info.plist; sourceTree = "<group>"; };
		74D2E9B12C89AE590033E78B /* Question.swift */ = {isa = PBXFileReference; lastKnownFileType = sourcecode.swift; path = Question.swift; sourceTree = "<group>"; };
		74D2E9B92C89B3B90033E78B /* ResponseType.swift */ = {isa = PBXFileReference; lastKnownFileType = sourcecode.swift; path = ResponseType.swift; sourceTree = "<group>"; };
		74D2E9BB2C89B5470033E78B /* Ansver.swift */ = {isa = PBXFileReference; lastKnownFileType = sourcecode.swift; path = Ansver.swift; sourceTree = "<group>"; };
		74D2E9BD2C89B5F60033E78B /* AnimalType.swift */ = {isa = PBXFileReference; lastKnownFileType = sourcecode.swift; path = AnimalType.swift; sourceTree = "<group>"; };
/* End PBXFileReference section */

/* Begin PBXFrameworksBuildPhase section */
		74A68D992C86EA6200C7C9DC /* Frameworks */ = {
			isa = PBXFrameworksBuildPhase;
			buildActionMask = 2147483647;
			files = (
			);
			runOnlyForDeploymentPostprocessing = 0;
		};
/* End PBXFrameworksBuildPhase section */

/* Begin PBXGroup section */
		74A68D932C86EA6100C7C9DC = {
			isa = PBXGroup;
			children = (
				74A68D9E2C86EA6200C7C9DC /* Personality Quiz */,
				74A68D9D2C86EA6200C7C9DC /* Products */,
			);
			sourceTree = "<group>";
		};
		74A68D9D2C86EA6200C7C9DC /* Products */ = {
			isa = PBXGroup;
			children = (
				74A68D9C2C86EA6200C7C9DC /* Personality Quiz.app */,
			);
			name = Products;
			sourceTree = "<group>";
		};
		74A68D9E2C86EA6200C7C9DC /* Personality Quiz */ = {
			isa = PBXGroup;
			children = (
				74D2E9B52C89AEE00033E78B /* Model */,
				74D2E9B62C89AF110033E78B /* View */,
				74D2E9B42C89AEA40033E78B /* Controller */,
				74D2E9B72C89AF710033E78B /* SupportingFile */,
				74D2E9B82C89AFFC0033E78B /* Resources */,
			);
			path = "Personality Quiz";
			sourceTree = "<group>";
		};
		74D2E9B42C89AEA40033E78B /* Controller */ = {
			isa = PBXGroup;
			children = (
				74A68DA32C86EA6200C7C9DC /* ViewController.swift */,
			);
			path = Controller;
			sourceTree = "<group>";
		};
		74D2E9B52C89AEE00033E78B /* Model */ = {
			isa = PBXGroup;
			children = (
				74D2E9B12C89AE590033E78B /* Question.swift */,
				74D2E9B92C89B3B90033E78B /* ResponseType.swift */,
				74D2E9BB2C89B5470033E78B /* Ansver.swift */,
				74D2E9BD2C89B5F60033E78B /* AnimalType.swift */,
			);
			path = Model;
			sourceTree = "<group>";
		};
		74D2E9B62C89AF110033E78B /* View */ = {
			isa = PBXGroup;
			children = (
				74A68DA52C86EA6200C7C9DC /* Main.storyboard */,
				74A68DAA2C86EA6400C7C9DC /* LaunchScreen.storyboard */,
			);
			path = View;
			sourceTree = "<group>";
		};
		74D2E9B72C89AF710033E78B /* SupportingFile */ = {
			isa = PBXGroup;
			children = (
				74A68D9F2C86EA6200C7C9DC /* AppDelegate.swift */,
				74A68DA12C86EA6200C7C9DC /* SceneDelegate.swift */,
				74A68DAD2C86EA6400C7C9DC /* Info.plist */,
			);
			path = SupportingFile;
			sourceTree = "<group>";
		};
		74D2E9B82C89AFFC0033E78B /* Resources */ = {
			isa = PBXGroup;
			children = (
				74A68DA82C86EA6400C7C9DC /* Assets.xcassets */,
			);
			path = Resources;
			sourceTree = "<group>";
		};
/* End PBXGroup section */

/* Begin PBXNativeTarget section */
		74A68D9B2C86EA6200C7C9DC /* Personality Quiz */ = {
			isa = PBXNativeTarget;
			buildConfigurationList = 74A68DB02C86EA6400C7C9DC /* Build configuration list for PBXNativeTarget "Personality Quiz" */;
			buildPhases = (
				74A68D982C86EA6200C7C9DC /* Sources */,
				74A68D992C86EA6200C7C9DC /* Frameworks */,
				74A68D9A2C86EA6200C7C9DC /* Resources */,
			);
			buildRules = (
			);
			dependencies = (
			);
			name = "Personality Quiz";
			productName = "Personality Quiz";
			productReference = 74A68D9C2C86EA6200C7C9DC /* Personality Quiz.app */;
			productType = "com.apple.product-type.application";
		};
/* End PBXNativeTarget section */

/* Begin PBXProject section */
		74A68D942C86EA6100C7C9DC /* Project object */ = {
			isa = PBXProject;
			attributes = {
				BuildIndependentTargetsInParallel = 1;
				LastSwiftUpdateCheck = 1420;
				LastUpgradeCheck = 1420;
				TargetAttributes = {
					74A68D9B2C86EA6200C7C9DC = {
						CreatedOnToolsVersion = 14.2;
					};
				};
			};
			buildConfigurationList = 74A68D972C86EA6100C7C9DC /* Build configuration list for PBXProject "Personality Quiz" */;
			compatibilityVersion = "Xcode 14.0";
			developmentRegion = en;
			hasScannedForEncodings = 0;
			knownRegions = (
				en,
				Base,
			);
			mainGroup = 74A68D932C86EA6100C7C9DC;
			productRefGroup = 74A68D9D2C86EA6200C7C9DC /* Products */;
			projectDirPath = "";
			projectRoot = "";
			targets = (
				74A68D9B2C86EA6200C7C9DC /* Personality Quiz */,
			);
		};
/* End PBXProject section */

/* Begin PBXResourcesBuildPhase section */
		74A68D9A2C86EA6200C7C9DC /* Resources */ = {
			isa = PBXResourcesBuildPhase;
			buildActionMask = 2147483647;
			files = (
				74A68DAC2C86EA6400C7C9DC /* LaunchScreen.storyboard in Resources */,
				74A68DA92C86EA6400C7C9DC /* Assets.xcassets in Resources */,
				74A68DA72C86EA6200C7C9DC /* Main.storyboard in Resources */,
			);
			runOnlyForDeploymentPostprocessing = 0;
		};
/* End PBXResourcesBuildPhase section */

/* Begin PBXSourcesBuildPhase section */
		74A68D982C86EA6200C7C9DC /* Sources */ = {
			isa = PBXSourcesBuildPhase;
			buildActionMask = 2147483647;
			files = (
				74A68DA42C86EA6200C7C9DC /* ViewController.swift in Sources */,
				74D2E9B22C89AE590033E78B /* Question.swift in Sources */,
				74A68DA02C86EA6200C7C9DC /* AppDelegate.swift in Sources */,
				74A68DA22C86EA6200C7C9DC /* SceneDelegate.swift in Sources */,
				74D2E9BC2C89B5470033E78B /* Ansver.swift in Sources */,
				74D2E9BA2C89B3B90033E78B /* ResponseType.swift in Sources */,
				74D2E9BE2C89B5F60033E78B /* AnimalType.swift in Sources */,
			);
			runOnlyForDeploymentPostprocessing = 0;
		};
/* End PBXSourcesBuildPhase section */

/* Begin PBXVariantGroup section */
		74A68DA52C86EA6200C7C9DC /* Main.storyboard */ = {
			isa = PBXVariantGroup;
			children = (
				74A68DA62C86EA6200C7C9DC /* Base */,
			);
			name = Main.storyboard;
			sourceTree = "<group>";
		};
		74A68DAA2C86EA6400C7C9DC /* LaunchScreen.storyboard */ = {
			isa = PBXVariantGroup;
			children = (
				74A68DAB2C86EA6400C7C9DC /* Base */,
			);
			name = LaunchScreen.storyboard;
			sourceTree = "<group>";
		};
/* End PBXVariantGroup section */

/* Begin XCBuildConfiguration section */
		74A68DAE2C86EA6400C7C9DC /* Debug */ = {
			isa = XCBuildConfiguration;
			buildSettings = {
				ALWAYS_SEARCH_USER_PATHS = NO;
				CLANG_ANALYZER_NONNULL = YES;
				CLANG_ANALYZER_NUMBER_OBJECT_CONVERSION = YES_AGGRESSIVE;
				CLANG_CXX_LANGUAGE_STANDARD = "gnu++20";
				CLANG_ENABLE_MODULES = YES;
				CLANG_ENABLE_OBJC_ARC = YES;
				CLANG_ENABLE_OBJC_WEAK = YES;
				CLANG_WARN_BLOCK_CAPTURE_AUTORELEASING = YES;
				CLANG_WARN_BOOL_CONVERSION = YES;
				CLANG_WARN_COMMA = YES;
				CLANG_WARN_CONSTANT_CONVERSION = YES;
				CLANG_WARN_DEPRECATED_OBJC_IMPLEMENTATIONS = YES;
				CLANG_WARN_DIRECT_OBJC_ISA_USAGE = YES_ERROR;
				CLANG_WARN_DOCUMENTATION_COMMENTS = YES;
				CLANG_WARN_EMPTY_BODY = YES;
				CLANG_WARN_ENUM_CONVERSION = YES;
				CLANG_WARN_INFINITE_RECURSION = YES;
				CLANG_WARN_INT_CONVERSION = YES;
				CLANG_WARN_NON_LITERAL_NULL_CONVERSION = YES;
				CLANG_WARN_OBJC_IMPLICIT_RETAIN_SELF = YES;
				CLANG_WARN_OBJC_LITERAL_CONVERSION = YES;
				CLANG_WARN_OBJC_ROOT_CLASS = YES_ERROR;
				CLANG_WARN_QUOTED_INCLUDE_IN_FRAMEWORK_HEADER = YES;
				CLANG_WARN_RANGE_LOOP_ANALYSIS = YES;
				CLANG_WARN_STRICT_PROTOTYPES = YES;
				CLANG_WARN_SUSPICIOUS_MOVE = YES;
				CLANG_WARN_UNGUARDED_AVAILABILITY = YES_AGGRESSIVE;
				CLANG_WARN_UNREACHABLE_CODE = YES;
				CLANG_WARN__DUPLICATE_METHOD_MATCH = YES;
				COPY_PHASE_STRIP = NO;
				DEBUG_INFORMATION_FORMAT = dwarf;
				ENABLE_STRICT_OBJC_MSGSEND = YES;
				ENABLE_TESTABILITY = YES;
				GCC_C_LANGUAGE_STANDARD = gnu11;
				GCC_DYNAMIC_NO_PIC = NO;
				GCC_NO_COMMON_BLOCKS = YES;
				GCC_OPTIMIZATION_LEVEL = 0;
				GCC_PREPROCESSOR_DEFINITIONS = (
					"DEBUG=1",
					"$(inherited)",
				);
				GCC_WARN_64_TO_32_BIT_CONVERSION = YES;
				GCC_WARN_ABOUT_RETURN_TYPE = YES_ERROR;
				GCC_WARN_UNDECLARED_SELECTOR = YES;
				GCC_WARN_UNINITIALIZED_AUTOS = YES_AGGRESSIVE;
				GCC_WARN_UNUSED_FUNCTION = YES;
				GCC_WARN_UNUSED_VARIABLE = YES;
				IPHONEOS_DEPLOYMENT_TARGET = 16.2;
				MTL_ENABLE_DEBUG_INFO = INCLUDE_SOURCE;
				MTL_FAST_MATH = YES;
				ONLY_ACTIVE_ARCH = YES;
				SDKROOT = iphoneos;
				SWIFT_ACTIVE_COMPILATION_CONDITIONS = DEBUG;
				SWIFT_OPTIMIZATION_LEVEL = "-Onone";
			};
			name = Debug;
		};
		74A68DAF2C86EA6400C7C9DC /* Release */ = {
			isa = XCBuildConfiguration;
			buildSettings = {
				ALWAYS_SEARCH_USER_PATHS = NO;
				CLANG_ANALYZER_NONNULL = YES;
				CLANG_ANALYZER_NUMBER_OBJECT_CONVERSION = YES_AGGRESSIVE;
				CLANG_CXX_LANGUAGE_STANDARD = "gnu++20";
				CLANG_ENABLE_MODULES = YES;
				CLANG_ENABLE_OBJC_ARC = YES;
				CLANG_ENABLE_OBJC_WEAK = YES;
				CLANG_WARN_BLOCK_CAPTURE_AUTORELEASING = YES;
				CLANG_WARN_BOOL_CONVERSION = YES;
				CLANG_WARN_COMMA = YES;
				CLANG_WARN_CONSTANT_CONVERSION = YES;
				CLANG_WARN_DEPRECATED_OBJC_IMPLEMENTATIONS = YES;
				CLANG_WARN_DIRECT_OBJC_ISA_USAGE = YES_ERROR;
				CLANG_WARN_DOCUMENTATION_COMMENTS = YES;
				CLANG_WARN_EMPTY_BODY = YES;
				CLANG_WARN_ENUM_CONVERSION = YES;
				CLANG_WARN_INFINITE_RECURSION = YES;
				CLANG_WARN_INT_CONVERSION = YES;
				CLANG_WARN_NON_LITERAL_NULL_CONVERSION = YES;
				CLANG_WARN_OBJC_IMPLICIT_RETAIN_SELF = YES;
				CLANG_WARN_OBJC_LITERAL_CONVERSION = YES;
				CLANG_WARN_OBJC_ROOT_CLASS = YES_ERROR;
				CLANG_WARN_QUOTED_INCLUDE_IN_FRAMEWORK_HEADER = YES;
				CLANG_WARN_RANGE_LOOP_ANALYSIS = YES;
				CLANG_WARN_STRICT_PROTOTYPES = YES;
				CLANG_WARN_SUSPICIOUS_MOVE = YES;
				CLANG_WARN_UNGUARDED_AVAILABILITY = YES_AGGRESSIVE;
				CLANG_WARN_UNREACHABLE_CODE = YES;
				CLANG_WARN__DUPLICATE_METHOD_MATCH = YES;
				COPY_PHASE_STRIP = NO;
				DEBUG_INFORMATION_FORMAT = "dwarf-with-dsym";
				ENABLE_NS_ASSERTIONS = NO;
				ENABLE_STRICT_OBJC_MSGSEND = YES;
				GCC_C_LANGUAGE_STANDARD = gnu11;
				GCC_NO_COMMON_BLOCKS = YES;
				GCC_WARN_64_TO_32_BIT_CONVERSION = YES;
				GCC_WARN_ABOUT_RETURN_TYPE = YES_ERROR;
				GCC_WARN_UNDECLARED_SELECTOR = YES;
				GCC_WARN_UNINITIALIZED_AUTOS = YES_AGGRESSIVE;
				GCC_WARN_UNUSED_FUNCTION = YES;
				GCC_WARN_UNUSED_VARIABLE = YES;
				IPHONEOS_DEPLOYMENT_TARGET = 16.2;
				MTL_ENABLE_DEBUG_INFO = NO;
				MTL_FAST_MATH = YES;
				SDKROOT = iphoneos;
				SWIFT_COMPILATION_MODE = wholemodule;
				SWIFT_OPTIMIZATION_LEVEL = "-O";
				VALIDATE_PRODUCT = YES;
			};
			name = Release;
		};
		74A68DB12C86EA6400C7C9DC /* Debug */ = {
			isa = XCBuildConfiguration;
			buildSettings = {
				ASSETCATALOG_COMPILER_APPICON_NAME = AppIcon;
				ASSETCATALOG_COMPILER_GLOBAL_ACCENT_COLOR_NAME = AccentColor;
				CODE_SIGN_STYLE = Automatic;
				CURRENT_PROJECT_VERSION = 1;
				DEVELOPMENT_TEAM = 7T366N6QTR;
				GENERATE_INFOPLIST_FILE = YES;
				INFOPLIST_FILE = "Personality Quiz/SupportingFile/Info.plist";
				INFOPLIST_KEY_UIApplicationSupportsIndirectInputEvents = YES;
				INFOPLIST_KEY_UILaunchStoryboardName = LaunchScreen;
				INFOPLIST_KEY_UIMainStoryboardFile = Main;
				INFOPLIST_KEY_UISupportedInterfaceOrientations_iPad = "UIInterfaceOrientationPortrait UIInterfaceOrientationPortraitUpsideDown UIInterfaceOrientationLandscapeLeft UIInterfaceOrientationLandscapeRight";
				INFOPLIST_KEY_UISupportedInterfaceOrientations_iPhone = "UIInterfaceOrientationPortrait UIInterfaceOrientationLandscapeLeft UIInterfaceOrientationLandscapeRight";
				LD_RUNPATH_SEARCH_PATHS = (
					"$(inherited)",
					"@executable_path/Frameworks",
				);
				MARKETING_VERSION = 1.0;
				PRODUCT_BUNDLE_IDENTIFIER = "com.alexandrManzhosov.Personality-Quiz";
				PRODUCT_NAME = "$(TARGET_NAME)";
				SWIFT_EMIT_LOC_STRINGS = YES;
				SWIFT_VERSION = 5.0;
				TARGETED_DEVICE_FAMILY = "1,2";
			};
			name = Debug;
		};
		74A68DB22C86EA6400C7C9DC /* Release */ = {
			isa = XCBuildConfiguration;
			buildSettings = {
				ASSETCATALOG_COMPILER_APPICON_NAME = AppIcon;
				ASSETCATALOG_COMPILER_GLOBAL_ACCENT_COLOR_NAME = AccentColor;
				CODE_SIGN_STYLE = Automatic;
				CURRENT_PROJECT_VERSION = 1;
				DEVELOPMENT_TEAM = 7T366N6QTR;
				GENERATE_INFOPLIST_FILE = YES;
				INFOPLIST_FILE = "Personality Quiz/SupportingFile/Info.plist";
				INFOPLIST_KEY_UIApplicationSupportsIndirectInputEvents = YES;
				INFOPLIST_KEY_UILaunchStoryboardName = LaunchScreen;
				INFOPLIST_KEY_UIMainStoryboardFile = Main;
				INFOPLIST_KEY_UISupportedInterfaceOrientations_iPad = "UIInterfaceOrientationPortrait UIInterfaceOrientationPortraitUpsideDown UIInterfaceOrientationLandscapeLeft UIInterfaceOrientationLandscapeRight";
				INFOPLIST_KEY_UISupportedInterfaceOrientations_iPhone = "UIInterfaceOrientationPortrait UIInterfaceOrientationLandscapeLeft UIInterfaceOrientationLandscapeRight";
				LD_RUNPATH_SEARCH_PATHS = (
					"$(inherited)",
					"@executable_path/Frameworks",
				);
				MARKETING_VERSION = 1.0;
				PRODUCT_BUNDLE_IDENTIFIER = "com.alexandrManzhosov.Personality-Quiz";
				PRODUCT_NAME = "$(TARGET_NAME)";
				SWIFT_EMIT_LOC_STRINGS = YES;
				SWIFT_VERSION = 5.0;
				TARGETED_DEVICE_FAMILY = "1,2";
			};
			name = Release;
		};
/* End XCBuildConfiguration section */

/* Begin XCConfigurationList section */
		74A68D972C86EA6100C7C9DC /* Build configuration list for PBXProject "Personality Quiz" */ = {
			isa = XCConfigurationList;
			buildConfigurations = (
				74A68DAE2C86EA6400C7C9DC /* Debug */,
				74A68DAF2C86EA6400C7C9DC /* Release */,
			);
			defaultConfigurationIsVisible = 0;
			defaultConfigurationName = Release;
		};
		74A68DB02C86EA6400C7C9DC /* Build configuration list for PBXNativeTarget "Personality Quiz" */ = {
			isa = XCConfigurationList;
			buildConfigurations = (
				74A68DB12C86EA6400C7C9DC /* Debug */,
				74A68DB22C86EA6400C7C9DC /* Release */,
			);
			defaultConfigurationIsVisible = 0;
			defaultConfigurationName = Release;
		};
/* End XCConfigurationList section */
	};
	rootObject = 74A68D942C86EA6100C7C9DC /* Project object */;
}
